
Microsoft Visual Studio Solution File, Format Version 12.00
# Visual Studio Version 16
VisualStudioVersion = 16.0.29509.3
MinimumVisualStudioVersion = 10.0.40219.1
Project("{FAE04EC0-301F-11D3-BF4B-00C04F79EFBC}") = "firstAplication", "firstAplication\firstAplication.csproj", "{48CA2B6B-94E6-4A88-8A20-86DBE2A8BA1E}"
EndProject
Global
	GlobalSection(SolutionConfigurationPlatforms) = preSolution
		Debug|Any CPU = Debug|Any CPU
		Release|Any CPU = Release|Any CPU
	EndGlobalSection
	GlobalSection(ProjectConfigurationPlatforms) = postSolution
		{48CA2B6B-94E6-4A88-8A20-86DBE2A8BA1E}.Debug|Any CPU.ActiveCfg = Debug|Any CPU
		{48CA2B6B-94E6-4A88-8A20-86DBE2A8BA1E}.Debug|Any CPU.Build.0 = Debug|Any CPU
		{48CA2B6B-94E6-4A88-8A20-86DBE2A8BA1E}.Release|Any CPU.ActiveCfg = Release|Any CPU
		{48CA2B6B-94E6-4A88-8A20-86DBE2A8BA1E}.Release|Any CPU.Build.0 = Release|Any CPU
	EndGlobalSection
	GlobalSection(SolutionProperties) = preSolution
		HideSolutionNode = FALSE
	EndGlobalSection
	GlobalSection(ExtensibilityGlobals) = postSolution
		SolutionGuid = {CB873FC2-521D-4877-BC07-CACD84F83F1A}
	EndGlobalSection
EndGlobal
